{
    "name": "api.actlab.dev",
    "version": "0.0.0",
    "lockfileVersion": 2,
    "requires": true,
    "packages": {
        "": {
            "name": "api.actlab.dev",
            "version": "0.0.0",
            "license": "MIT",
            "dependencies": {
                "fast-xml-parser": "4.2.7",
                "jose": "4.14.4"
            }
        },
        "node_modules/fast-xml-parser": {
            "version": "4.2.7",
            "resolved": "https://registry.npmjs.org/fast-xml-parser/-/fast-xml-parser-4.2.7.tgz",
            "integrity": "sha512-J8r6BriSLO1uj2miOk1NW0YVm8AGOOu3Si2HQp/cSmo6EA4m3fcwu2WKjJ4RK9wMLBtg69y1kS8baDiQBR41Ig==",
            "funding": [
                {
                    "type": "paypal",
                    "url": "https://paypal.me/naturalintelligence"
                },
                {
                    "type": "github",
                    "url": "https://github.com/sponsors/NaturalIntelligence"
                }
            ],
            "dependencies": {
                "strnum": "^1.0.5"
            },
            "bin": {
                "fxparser": "src/cli/cli.js"
            }
        },
        "node_modules/jose": {
            "version": "4.14.4",
            "resolved": "https://registry.npmjs.org/jose/-/jose-4.14.4.tgz",
            "integrity": "sha512-j8GhLiKmUAh+dsFXlX1aJCbt5KMibuKb+d7j1JaOJG6s2UjX1PQlW+OKB/sD4a/5ZYF4RcmYmLSndOoU3Lt/3g==",
            "funding": {
                "url": "https://github.com/sponsors/panva"
            }
        },
        "node_modules/strnum": {
            "version": "1.0.5",
            "resolved": "https://registry.npmjs.org/strnum/-/strnum-1.0.5.tgz",
            "integrity": "sha512-J8bbNyKKXl5qYcR36TIO8W3mVGVHrmmxsd5PAItGkmyzwJvybiw2IVq5nqd0i4LSNSkB/sx9VHllbfFdr9k1JA=="
        }
    },
    "dependencies": {
        "fast-xml-parser": {
            "version": "4.2.7",
            "resolved": "https://registry.npmjs.org/fast-xml-parser/-/fast-xml-parser-4.2.7.tgz",
            "integrity": "sha512-J8r6BriSLO1uj2miOk1NW0YVm8AGOOu3Si2HQp/cSmo6EA4m3fcwu2WKjJ4RK9wMLBtg69y1kS8baDiQBR41Ig==",
            "requires": {
                "strnum": "^1.0.5"
            }
        },
        "jose": {
            "version": "4.14.4",
            "resolved": "https://registry.npmjs.org/jose/-/jose-4.14.4.tgz",
            "integrity": "sha512-j8GhLiKmUAh+dsFXlX1aJCbt5KMibuKb+d7j1JaOJG6s2UjX1PQlW+OKB/sD4a/5ZYF4RcmYmLSndOoU3Lt/3g=="
        },
        "strnum": {
            "version": "1.0.5",
            "resolved": "https://registry.npmjs.org/strnum/-/strnum-1.0.5.tgz",
            "integrity": "sha512-J8bbNyKKXl5qYcR36TIO8W3mVGVHrmmxsd5PAItGkmyzwJvybiw2IVq5nqd0i4LSNSkB/sx9VHllbfFdr9k1JA=="
        }
    }
}
